
Microsoft Visual Studio Solution File, Format Version 12.00
# Visual Studio Version 17
VisualStudioVersion = 17.10.35122.118
MinimumVisualStudioVersion = 10.0.40219.1
Project("{FAE04EC0-301F-11D3-BF4B-00C04F79EFBC}") = "atv-14", "atv-14\atv-14.csproj", "{3DB77DD3-B7CC-41F2-B284-EA0719A0217D}"
EndProject
Global
	GlobalSection(SolutionConfigurationPlatforms) = preSolution
		Debug|Any CPU = Debug|Any CPU
		Release|Any CPU = Release|Any CPU
	EndGlobalSection
	GlobalSection(ProjectConfigurationPlatforms) = postSolution
		{3DB77DD3-B7CC-41F2-B284-EA0719A0217D}.Debug|Any CPU.ActiveCfg = Debug|Any CPU
		{3DB77DD3-B7CC-41F2-B284-EA0719A0217D}.Debug|Any CPU.Build.0 = Debug|Any CPU
		{3DB77DD3-B7CC-41F2-B284-EA0719A0217D}.Release|Any CPU.ActiveCfg = Release|Any CPU
		{3DB77DD3-B7CC-41F2-B284-EA0719A0217D}.Release|Any CPU.Build.0 = Release|Any CPU
	EndGlobalSection
	GlobalSection(SolutionProperties) = preSolution
		HideSolutionNode = FALSE
	EndGlobalSection
	GlobalSection(ExtensibilityGlobals) = postSolution
		SolutionGuid = {F26D6B7D-335E-40F6-80F1-B7CE759D496C}
	EndGlobalSection
EndGlobal
