
Microsoft Visual Studio Solution File, Format Version 12.00
# Visual Studio Version 17
VisualStudioVersion = 17.10.35122.118
MinimumVisualStudioVersion = 10.0.40219.1
Project("{FAE04EC0-301F-11D3-BF4B-00C04F79EFBC}") = "atv-13", "atv-13\atv-13.csproj", "{245DFA7D-0818-4EF5-A638-0A8FF483608B}"
EndProject
Global
	GlobalSection(SolutionConfigurationPlatforms) = preSolution
		Debug|Any CPU = Debug|Any CPU
		Release|Any CPU = Release|Any CPU
	EndGlobalSection
	GlobalSection(ProjectConfigurationPlatforms) = postSolution
		{245DFA7D-0818-4EF5-A638-0A8FF483608B}.Debug|Any CPU.ActiveCfg = Debug|Any CPU
		{245DFA7D-0818-4EF5-A638-0A8FF483608B}.Debug|Any CPU.Build.0 = Debug|Any CPU
		{245DFA7D-0818-4EF5-A638-0A8FF483608B}.Release|Any CPU.ActiveCfg = Release|Any CPU
		{245DFA7D-0818-4EF5-A638-0A8FF483608B}.Release|Any CPU.Build.0 = Release|Any CPU
	EndGlobalSection
	GlobalSection(SolutionProperties) = preSolution
		HideSolutionNode = FALSE
	EndGlobalSection
	GlobalSection(ExtensibilityGlobals) = postSolution
		SolutionGuid = {50A8930C-40BD-4380-8683-499853CCB997}
	EndGlobalSection
EndGlobal
